{
  "name": "ckeditor5-image-remove-event-callback-plugin",
  "version": "1.1.3",
  "lockfileVersion": 2,
  "requires": true,
  "packages": {
    "": {
      "name": "ckeditor5-image-remove-event-callback-plugin",
      "version": "1.1.3",
      "license": "MIT",
      "dependencies": {
        "@ckeditor/ckeditor5-core": "*",
        "@ckeditor/ckeditor5-image": "*"
      }
    },
    "node_modules/@ckeditor/ckeditor5-clipboard": {
      "version": "23.1.0",
      "resolved": "https://registry.npmjs.org/@ckeditor/ckeditor5-clipboard/-/ckeditor5-clipboard-23.1.0.tgz",
      "integrity": "sha512-QpxmOgZOw52dfcNp7kOhH2O4hr1nLb7ka+jCSSzASoBKZ9sR4r/pdi7ApFcrW5Ft5p8kFtWhXJGTUkbyfRrYyA==",
      "dependencies": {
        "@ckeditor/ckeditor5-core": "^23.1.0",
        "@ckeditor/ckeditor5-engine": "^23.1.0",
        "@ckeditor/ckeditor5-utils": "^23.1.0"
      },
      "engines": {
        "node": ">=12.0.0",
        "npm": ">=5.7.1"
      }
    },
    "node_modules/@ckeditor/ckeditor5-core": {
      "version": "23.1.0",
      "resolved": "https://registry.npmjs.org/@ckeditor/ckeditor5-core/-/ckeditor5-core-23.1.0.tgz",
      "integrity": "sha512-Y+ttPMKbsfdN+V5/lV5vG3cI6Y0pNs8+TygOojw8ZMQqJY5WrVsFQcoz2DzdTKKOn5VJqjE+mHcGjCyk37FeOw==",
      "dependencies": {
        "@ckeditor/ckeditor5-engine": "^23.1.0",
        "@ckeditor/ckeditor5-utils": "^23.1.0",
        "lodash-es": "^4.17.15"
      },
      "engines": {
        "node": ">=12.0.0",
        "npm": ">=5.7.1"
      }
    },
    "node_modules/@ckeditor/ckeditor5-engine": {
      "version": "23.1.0",
      "resolved": "https://registry.npmjs.org/@ckeditor/ckeditor5-engine/-/ckeditor5-engine-23.1.0.tgz",
      "integrity": "sha512-HOIkiatjq/ByqHVvkaISA0l6Vab8w6gzD1QnjMv3ldgiLMD0jUAHhUZldfpYQ0s2bG+d1l/6w7C76gT8fY4/Jw==",
      "dependencies": {
        "@ckeditor/ckeditor5-utils": "^23.1.0",
        "lodash-es": "^4.17.15"
      },
      "engines": {
        "node": ">=12.0.0",
        "npm": ">=5.7.1"
      }
    },
    "node_modules/@ckeditor/ckeditor5-image": {
      "version": "23.1.0",
      "resolved": "https://registry.npmjs.org/@ckeditor/ckeditor5-image/-/ckeditor5-image-23.1.0.tgz",
      "integrity": "sha512-biCrY7F/ITfCZ1lyBRr483vBpl/jJ9nGUQj+R0lsav7YfHOWFOAJCTvr7NgsP1XU/bkwEQhIjSUlSL6smg2Tgw==",
      "dependencies": {
        "@ckeditor/ckeditor5-clipboard": "^23.1.0",
        "@ckeditor/ckeditor5-core": "^23.1.0",
        "@ckeditor/ckeditor5-engine": "^23.1.0",
        "@ckeditor/ckeditor5-ui": "^23.1.0",
        "@ckeditor/ckeditor5-upload": "^23.1.0",
        "@ckeditor/ckeditor5-utils": "^23.1.0",
        "@ckeditor/ckeditor5-widget": "^23.1.0"
      },
      "engines": {
        "node": ">=12.0.0",
        "npm": ">=5.7.1"
      }
    },
    "node_modules/@ckeditor/ckeditor5-typing": {
      "version": "23.1.0",
      "resolved": "https://registry.npmjs.org/@ckeditor/ckeditor5-typing/-/ckeditor5-typing-23.1.0.tgz",
      "integrity": "sha512-LmM+XgOx+zjPgs0XjbNLQlgvB5hkoFGF/Z4OFpgWoP0/8iTwGJdg/L38dE6tN5nElmRj2+3RJ/cLe4XLzvHpAQ==",
      "dependencies": {
        "@ckeditor/ckeditor5-core": "^23.1.0",
        "@ckeditor/ckeditor5-engine": "^23.1.0",
        "@ckeditor/ckeditor5-utils": "^23.1.0",
        "lodash-es": "^4.17.15"
      },
      "engines": {
        "node": ">=12.0.0",
        "npm": ">=5.7.1"
      }
    },
    "node_modules/@ckeditor/ckeditor5-ui": {
      "version": "23.1.0",
      "resolved": "https://registry.npmjs.org/@ckeditor/ckeditor5-ui/-/ckeditor5-ui-23.1.0.tgz",
      "integrity": "sha512-Rw1mnp4D5SwuCHTnDhTnKzXgQbUzZHpXlce6Zf72Iw6ZfwDn2SlanIp8OKM8hYUAkoHHKLDx2QfXgHEiShC7CA==",
      "dependencies": {
        "@ckeditor/ckeditor5-core": "^23.1.0",
        "@ckeditor/ckeditor5-utils": "^23.1.0",
        "lodash-es": "^4.17.15"
      },
      "engines": {
        "node": ">=12.0.0",
        "npm": ">=5.7.1"
      }
    },
    "node_modules/@ckeditor/ckeditor5-upload": {
      "version": "23.1.0",
      "resolved": "https://registry.npmjs.org/@ckeditor/ckeditor5-upload/-/ckeditor5-upload-23.1.0.tgz",
      "integrity": "sha512-aufToBRsDc0Bp60zdqWQepGYyKk61Vxv8jB/KWnWvpaigiURGenJberZF0gRalW9CZpmC8uj7CvcIm5TLobEfw==",
      "dependencies": {
        "@ckeditor/ckeditor5-core": "^23.1.0",
        "@ckeditor/ckeditor5-ui": "^23.1.0",
        "@ckeditor/ckeditor5-utils": "^23.1.0"
      },
      "engines": {
        "node": ">=12.0.0",
        "npm": ">=5.7.1"
      }
    },
    "node_modules/@ckeditor/ckeditor5-utils": {
      "version": "23.1.0",
      "resolved": "https://registry.npmjs.org/@ckeditor/ckeditor5-utils/-/ckeditor5-utils-23.1.0.tgz",
      "integrity": "sha512-hbAIQQrUFZZGGsEG07Em2iH216Y7NWIhY60HqOT94wwnn/F5ZE3zRWU+KsAR1Cn2U0uOEBkYP9qIFlGRzPo7Vg==",
      "dependencies": {
        "lodash-es": "^4.17.15"
      },
      "engines": {
        "node": ">=12.0.0",
        "npm": ">=5.7.1"
      }
    },
    "node_modules/@ckeditor/ckeditor5-widget": {
      "version": "23.1.0",
      "resolved": "https://registry.npmjs.org/@ckeditor/ckeditor5-widget/-/ckeditor5-widget-23.1.0.tgz",
      "integrity": "sha512-+9c+QhA9zmd14bhBr/z88T2bQbpEfAjVqeQgqL1+Y/GXIRtZ8XGnnlvo6sF80wIwkTI+5KfYEb4h1hDzmnGS6A==",
      "dependencies": {
        "@ckeditor/ckeditor5-core": "^23.1.0",
        "@ckeditor/ckeditor5-engine": "^23.1.0",
        "@ckeditor/ckeditor5-typing": "^23.1.0",
        "@ckeditor/ckeditor5-ui": "^23.1.0",
        "@ckeditor/ckeditor5-utils": "^23.1.0",
        "lodash-es": "^4.17.15"
      },
      "engines": {
        "node": ">=12.0.0",
        "npm": ">=5.7.1"
      }
    },
    "node_modules/lodash-es": {
      "version": "4.17.15",
      "resolved": "https://registry.npmjs.org/lodash-es/-/lodash-es-4.17.15.tgz",
      "integrity": "sha512-rlrc3yU3+JNOpZ9zj5pQtxnx2THmvRykwL4Xlxoa8I9lHBlVbbyPhgyPMioxVZ4NqyxaVVtaJnzsyOidQIhyyQ=="
    }
  },
  "dependencies": {
    "@ckeditor/ckeditor5-clipboard": {
      "version": "23.1.0",
      "resolved": "https://registry.npmjs.org/@ckeditor/ckeditor5-clipboard/-/ckeditor5-clipboard-23.1.0.tgz",
      "integrity": "sha512-QpxmOgZOw52dfcNp7kOhH2O4hr1nLb7ka+jCSSzASoBKZ9sR4r/pdi7ApFcrW5Ft5p8kFtWhXJGTUkbyfRrYyA==",
      "requires": {
        "@ckeditor/ckeditor5-core": "^23.1.0",
        "@ckeditor/ckeditor5-engine": "^23.1.0",
        "@ckeditor/ckeditor5-utils": "^23.1.0"
      }
    },
    "@ckeditor/ckeditor5-core": {
      "version": "23.1.0",
      "resolved": "https://registry.npmjs.org/@ckeditor/ckeditor5-core/-/ckeditor5-core-23.1.0.tgz",
      "integrity": "sha512-Y+ttPMKbsfdN+V5/lV5vG3cI6Y0pNs8+TygOojw8ZMQqJY5WrVsFQcoz2DzdTKKOn5VJqjE+mHcGjCyk37FeOw==",
      "requires": {
        "@ckeditor/ckeditor5-engine": "^23.1.0",
        "@ckeditor/ckeditor5-utils": "^23.1.0",
        "lodash-es": "^4.17.15"
      }
    },
    "@ckeditor/ckeditor5-engine": {
      "version": "23.1.0",
      "resolved": "https://registry.npmjs.org/@ckeditor/ckeditor5-engine/-/ckeditor5-engine-23.1.0.tgz",
      "integrity": "sha512-HOIkiatjq/ByqHVvkaISA0l6Vab8w6gzD1QnjMv3ldgiLMD0jUAHhUZldfpYQ0s2bG+d1l/6w7C76gT8fY4/Jw==",
      "requires": {
        "@ckeditor/ckeditor5-utils": "^23.1.0",
        "lodash-es": "^4.17.15"
      }
    },
    "@ckeditor/ckeditor5-image": {
      "version": "23.1.0",
      "resolved": "https://registry.npmjs.org/@ckeditor/ckeditor5-image/-/ckeditor5-image-23.1.0.tgz",
      "integrity": "sha512-biCrY7F/ITfCZ1lyBRr483vBpl/jJ9nGUQj+R0lsav7YfHOWFOAJCTvr7NgsP1XU/bkwEQhIjSUlSL6smg2Tgw==",
      "requires": {
        "@ckeditor/ckeditor5-clipboard": "^23.1.0",
        "@ckeditor/ckeditor5-core": "^23.1.0",
        "@ckeditor/ckeditor5-engine": "^23.1.0",
        "@ckeditor/ckeditor5-ui": "^23.1.0",
        "@ckeditor/ckeditor5-upload": "^23.1.0",
        "@ckeditor/ckeditor5-utils": "^23.1.0",
        "@ckeditor/ckeditor5-widget": "^23.1.0"
      }
    },
    "@ckeditor/ckeditor5-typing": {
      "version": "23.1.0",
      "resolved": "https://registry.npmjs.org/@ckeditor/ckeditor5-typing/-/ckeditor5-typing-23.1.0.tgz",
      "integrity": "sha512-LmM+XgOx+zjPgs0XjbNLQlgvB5hkoFGF/Z4OFpgWoP0/8iTwGJdg/L38dE6tN5nElmRj2+3RJ/cLe4XLzvHpAQ==",
      "requires": {
        "@ckeditor/ckeditor5-core": "^23.1.0",
        "@ckeditor/ckeditor5-engine": "^23.1.0",
        "@ckeditor/ckeditor5-utils": "^23.1.0",
        "lodash-es": "^4.17.15"
      }
    },
    "@ckeditor/ckeditor5-ui": {
      "version": "23.1.0",
      "resolved": "https://registry.npmjs.org/@ckeditor/ckeditor5-ui/-/ckeditor5-ui-23.1.0.tgz",
      "integrity": "sha512-Rw1mnp4D5SwuCHTnDhTnKzXgQbUzZHpXlce6Zf72Iw6ZfwDn2SlanIp8OKM8hYUAkoHHKLDx2QfXgHEiShC7CA==",
      "requires": {
        "@ckeditor/ckeditor5-core": "^23.1.0",
        "@ckeditor/ckeditor5-utils": "^23.1.0",
        "lodash-es": "^4.17.15"
      }
    },
    "@ckeditor/ckeditor5-upload": {
      "version": "23.1.0",
      "resolved": "https://registry.npmjs.org/@ckeditor/ckeditor5-upload/-/ckeditor5-upload-23.1.0.tgz",
      "integrity": "sha512-aufToBRsDc0Bp60zdqWQepGYyKk61Vxv8jB/KWnWvpaigiURGenJberZF0gRalW9CZpmC8uj7CvcIm5TLobEfw==",
      "requires": {
        "@ckeditor/ckeditor5-core": "^23.1.0",
        "@ckeditor/ckeditor5-ui": "^23.1.0",
        "@ckeditor/ckeditor5-utils": "^23.1.0"
      }
    },
    "@ckeditor/ckeditor5-utils": {
      "version": "23.1.0",
      "resolved": "https://registry.npmjs.org/@ckeditor/ckeditor5-utils/-/ckeditor5-utils-23.1.0.tgz",
      "integrity": "sha512-hbAIQQrUFZZGGsEG07Em2iH216Y7NWIhY60HqOT94wwnn/F5ZE3zRWU+KsAR1Cn2U0uOEBkYP9qIFlGRzPo7Vg==",
      "requires": {
        "lodash-es": "^4.17.15"
      }
    },
    "@ckeditor/ckeditor5-widget": {
      "version": "23.1.0",
      "resolved": "https://registry.npmjs.org/@ckeditor/ckeditor5-widget/-/ckeditor5-widget-23.1.0.tgz",
      "integrity": "sha512-+9c+QhA9zmd14bhBr/z88T2bQbpEfAjVqeQgqL1+Y/GXIRtZ8XGnnlvo6sF80wIwkTI+5KfYEb4h1hDzmnGS6A==",
      "requires": {
        "@ckeditor/ckeditor5-core": "^23.1.0",
        "@ckeditor/ckeditor5-engine": "^23.1.0",
        "@ckeditor/ckeditor5-typing": "^23.1.0",
        "@ckeditor/ckeditor5-ui": "^23.1.0",
        "@ckeditor/ckeditor5-utils": "^23.1.0",
        "lodash-es": "^4.17.15"
      }
    },
    "lodash-es": {
      "version": "4.17.15",
      "resolved": "https://registry.npmjs.org/lodash-es/-/lodash-es-4.17.15.tgz",
      "integrity": "sha512-rlrc3yU3+JNOpZ9zj5pQtxnx2THmvRykwL4Xlxoa8I9lHBlVbbyPhgyPMioxVZ4NqyxaVVtaJnzsyOidQIhyyQ=="
    }
  }
}
